
Microsoft Visual Studio Solution File, Format Version 12.00
# Visual Studio 15
VisualStudioVersion = 15.0.28307.757
MinimumVisualStudioVersion = 10.0.40219.1
Project("{8BC9CEB8-8B4A-11D0-8D11-00A0C91BC942}") = "SnowflakeLib", "SnowflakeLib\SnowflakeLib.vcxproj", "{1B7F0BFF-E7C6-44B4-B3E0-7FF2A5891F8E}"
EndProject
Project("{8BC9CEB8-8B4A-11D0-8D11-00A0C91BC942}") = "Sample", "Sample\Sample.vcxproj", "{4D2F07C8-5F6D-4146-B216-9AA7455909CF}"
	ProjectSection(ProjectDependencies) = postProject
		{1B7F0BFF-E7C6-44B4-B3E0-7FF2A5891F8E} = {1B7F0BFF-E7C6-44B4-B3E0-7FF2A5891F8E}
	EndProjectSection
EndProject
Global
	GlobalSection(SolutionConfigurationPlatforms) = preSolution
		Debug|x64 = Debug|x64
		Debug|x86 = Debug|x86
		Release|x64 = Release|x64
		Release|x86 = Release|x86
	EndGlobalSection
	GlobalSection(ProjectConfigurationPlatforms) = postSolution
		{1B7F0BFF-E7C6-44B4-B3E0-7FF2A5891F8E}.Debug|x64.ActiveCfg = Debug|x64
		{1B7F0BFF-E7C6-44B4-B3E0-7FF2A5891F8E}.Debug|x64.Build.0 = Debug|x64
		{1B7F0BFF-E7C6-44B4-B3E0-7FF2A5891F8E}.Debug|x86.ActiveCfg = Debug|Win32
		{1B7F0BFF-E7C6-44B4-B3E0-7FF2A5891F8E}.Debug|x86.Build.0 = Debug|Win32
		{1B7F0BFF-E7C6-44B4-B3E0-7FF2A5891F8E}.Release|x64.ActiveCfg = Release|x64
		{1B7F0BFF-E7C6-44B4-B3E0-7FF2A5891F8E}.Release|x64.Build.0 = Release|x64
		{1B7F0BFF-E7C6-44B4-B3E0-7FF2A5891F8E}.Release|x86.ActiveCfg = Release|Win32
		{1B7F0BFF-E7C6-44B4-B3E0-7FF2A5891F8E}.Release|x86.Build.0 = Release|Win32
		{4D2F07C8-5F6D-4146-B216-9AA7455909CF}.Debug|x64.ActiveCfg = Debug|x64
		{4D2F07C8-5F6D-4146-B216-9AA7455909CF}.Debug|x64.Build.0 = Debug|x64
		{4D2F07C8-5F6D-4146-B216-9AA7455909CF}.Debug|x86.ActiveCfg = Debug|Win32
		{4D2F07C8-5F6D-4146-B216-9AA7455909CF}.Debug|x86.Build.0 = Debug|Win32
		{4D2F07C8-5F6D-4146-B216-9AA7455909CF}.Release|x64.ActiveCfg = Release|x64
		{4D2F07C8-5F6D-4146-B216-9AA7455909CF}.Release|x64.Build.0 = Release|x64
		{4D2F07C8-5F6D-4146-B216-9AA7455909CF}.Release|x86.ActiveCfg = Release|Win32
		{4D2F07C8-5F6D-4146-B216-9AA7455909CF}.Release|x86.Build.0 = Release|Win32
	EndGlobalSection
	GlobalSection(SolutionProperties) = preSolution
		HideSolutionNode = FALSE
	EndGlobalSection
	GlobalSection(ExtensibilityGlobals) = postSolution
		SolutionGuid = {7C969AB4-CF1E-4F09-9501-064AD2C30E9A}
	EndGlobalSection
EndGlobal
